// !$*UTF8*$!
{
	archiveVersion = 1;
	classes = {
	};
	objectVersion = 46;
	objects = {

/* Begin PBXBuildFile section */
		185DBB551BC6202300A2BCFB /* main.m in Sources */ = {isa = PBXBuildFile; fileRef = 185DBB541BC6202300A2BCFB /* main.m */; };
		185DBB581BC6202300A2BCFB /* AppDelegate.m in Sources */ = {isa = PBXBuildFile; fileRef = 185DBB571BC6202300A2BCFB /* AppDelegate.m */; };
		185DBB5B1BC6202300A2BCFB /* ViewController.m in Sources */ = {isa = PBXBuildFile; fileRef = 185DBB5A1BC6202300A2BCFB /* ViewController.m */; };
		185DBB5E1BC6202300A2BCFB /* Main.storyboard in Resources */ = {isa = PBXBuildFile; fileRef = 185DBB5C1BC6202300A2BCFB /* Main.storyboard */; };
		185DBB601BC6202300A2BCFB /* Images.xcassets in Resources */ = {isa = PBXBuildFile; fileRef = 185DBB5F1BC6202300A2BCFB /* Images.xcassets */; };
		185DBB631BC6202300A2BCFB /* LaunchScreen.xib in Resources */ = {isa = PBXBuildFile; fileRef = 185DBB611BC6202300A2BCFB /* LaunchScreen.xib */; };
		185DBB6F1BC6202300A2BCFB /* demo__02_gitSeverTests.m in Sources */ = {isa = PBXBuildFile; fileRef = 185DBB6E1BC6202300A2BCFB /* demo__02_gitSeverTests.m */; };
/* End PBXBuildFile section */

/* Begin PBXContainerItemProxy section */
		185DBB691BC6202300A2BCFB /* PBXContainerItemProxy */ = {
			isa = PBXContainerItemProxy;
			containerPortal = 185DBB471BC6202300A2BCFB /* Project object */;
			proxyType = 1;
			remoteGlobalIDString = 185DBB4E1BC6202300A2BCFB;
			remoteInfo = "demo -02 gitSever";
		};
/* End PBXContainerItemProxy section */

/* Begin PBXFileReference section */
		185DBB4F1BC6202300A2BCFB /* demo -02 gitSever.app */ = {isa = PBXFileReference; explicitFileType = wrapper.application; includeInIndex = 0; path = "demo -02 gitSever.app"; sourceTree = BUILT_PRODUCTS_DIR; };
		185DBB531BC6202300A2BCFB /* Info.plist */ = {isa = PBXFileReference; lastKnownFileType = text.plist.xml; path = Info.plist; sourceTree = "<group>"; };
		185DBB541BC6202300A2BCFB /* main.m */ = {isa = PBXFileReference; lastKnownFileType = sourcecode.c.objc; path = main.m; sourceTree = "<group>"; };
		185DBB561BC6202300A2BCFB /* AppDelegate.h */ = {isa = PBXFileReference; lastKnownFileType = sourcecode.c.h; path = AppDelegate.h; sourceTree = "<group>"; };
		185DBB571BC6202300A2BCFB /* AppDelegate.m */ = {isa = PBXFileReference; lastKnownFileType = sourcecode.c.objc; path = AppDelegate.m; sourceTree = "<group>"; };
		185DBB591BC6202300A2BCFB /* ViewController.h */ = {isa = PBXFileReference; lastKnownFileType = sourcecode.c.h; path = ViewController.h; sourceTree = "<group>"; };
		185DBB5A1BC6202300A2BCFB /* ViewController.m */ = {isa = PBXFileReference; lastKnownFileType = sourcecode.c.objc; path = ViewController.m; sourceTree = "<group>"; };
		185DBB5D1BC6202300A2BCFB /* Base */ = {isa = PBXFileReference; lastKnownFileType = file.storyboard; name = Base; path = Base.lproj/Main.storyboard; sourceTree = "<group>"; };
		185DBB5F1BC6202300A2BCFB /* Images.xcassets */ = {isa = PBXFileReference; lastKnownFileType = folder.assetcatalog; path = Images.xcassets; sourceTree = "<group>"; };
		185DBB621BC6202300A2BCFB /* Base */ = {isa = PBXFileReference; lastKnownFileType = file.xib; name = Base; path = Base.lproj/LaunchScreen.xib; sourceTree = "<group>"; };
		185DBB681BC6202300A2BCFB /* demo -02 gitSeverTests.xctest */ = {isa = PBXFileReference; explicitFileType = wrapper.cfbundle; includeInIndex = 0; path = "demo -02 gitSeverTests.xctest"; sourceTree = BUILT_PRODUCTS_DIR; };
		185DBB6D1BC6202300A2BCFB /* Info.plist */ = {isa = PBXFileReference; lastKnownFileType = text.plist.xml; path = Info.plist; sourceTree = "<group>"; };
		185DBB6E1BC6202300A2BCFB /* demo__02_gitSeverTests.m */ = {isa = PBXFileReference; lastKnownFileType = sourcecode.c.objc; path = demo__02_gitSeverTests.m; sourceTree = "<group>"; };
/* End PBXFileReference section */

/* Begin PBXFrameworksBuildPhase section */
		185DBB4C1BC6202300A2BCFB /* Frameworks */ = {
			isa = PBXFrameworksBuildPhase;
			buildActionMask = 2147483647;
			files = (
			);
			runOnlyForDeploymentPostprocessing = 0;
		};
		185DBB651BC6202300A2BCFB /* Frameworks */ = {
			isa = PBXFrameworksBuildPhase;
			buildActionMask = 2147483647;
			files = (
			);
			runOnlyForDeploymentPostprocessing = 0;
		};
/* End PBXFrameworksBuildPhase section */

/* Begin PBXGroup section */
		185DBB461BC6202300A2BCFB = {
			isa = PBXGroup;
			children = (
				185DBB511BC6202300A2BCFB /* demo -02 gitSever */,
				185DBB6B1BC6202300A2BCFB /* demo -02 gitSeverTests */,
				185DBB501BC6202300A2BCFB /* Products */,
			);
			sourceTree = "<group>";
		};
		185DBB501BC6202300A2BCFB /* Products */ = {
			isa = PBXGroup;
			children = (
				185DBB4F1BC6202300A2BCFB /* demo -02 gitSever.app */,
				185DBB681BC6202300A2BCFB /* demo -02 gitSeverTests.xctest */,
			);
			name = Products;
			sourceTree = "<group>";
		};
		185DBB511BC6202300A2BCFB /* demo -02 gitSever */ = {
			isa = PBXGroup;
			children = (
				185DBB561BC6202300A2BCFB /* AppDelegate.h */,
				185DBB571BC6202300A2BCFB /* AppDelegate.m */,
				185DBB591BC6202300A2BCFB /* ViewController.h */,
				185DBB5A1BC6202300A2BCFB /* ViewController.m */,
				185DBB5C1BC6202300A2BCFB /* Main.storyboard */,
				185DBB5F1BC6202300A2BCFB /* Images.xcassets */,
				185DBB611BC6202300A2BCFB /* LaunchScreen.xib */,
				185DBB521BC6202300A2BCFB /* Supporting Files */,
			);
			path = "demo -02 gitSever";
			sourceTree = "<group>";
		};
		185DBB521BC6202300A2BCFB /* Supporting Files */ = {
			isa = PBXGroup;
			children = (
				185DBB531BC6202300A2BCFB /* Info.plist */,
				185DBB541BC6202300A2BCFB /* main.m */,
			);
			name = "Supporting Files";
			sourceTree = "<group>";
		};
		185DBB6B1BC6202300A2BCFB /* demo -02 gitSeverTests */ = {
			isa = PBXGroup;
			children = (
				185DBB6E1BC6202300A2BCFB /* demo__02_gitSeverTests.m */,
				185DBB6C1BC6202300A2BCFB /* Supporting Files */,
			);
			path = "demo -02 gitSeverTests";
			sourceTree = "<group>";
		};
		185DBB6C1BC6202300A2BCFB /* Supporting Files */ = {
			isa = PBXGroup;
			children = (
				185DBB6D1BC6202300A2BCFB /* Info.plist */,
			);
			name = "Supporting Files";
			sourceTree = "<group>";
		};
/* End PBXGroup section */

/* Begin PBXNativeTarget section */
		185DBB4E1BC6202300A2BCFB /* demo -02 gitSever */ = {
			isa = PBXNativeTarget;
			buildConfigurationList = 185DBB721BC6202300A2BCFB /* Build configuration list for PBXNativeTarget "demo -02 gitSever" */;
			buildPhases = (
				185DBB4B1BC6202300A2BCFB /* Sources */,
				185DBB4C1BC6202300A2BCFB /* Frameworks */,
				185DBB4D1BC6202300A2BCFB /* Resources */,
			);
			buildRules = (
			);
			dependencies = (
			);
			name = "demo -02 gitSever";
			productName = "demo -02 gitSever";
			productReference = 185DBB4F1BC6202300A2BCFB /* demo -02 gitSever.app */;
			productType = "com.apple.product-type.application";
		};
		185DBB671BC6202300A2BCFB /* demo -02 gitSeverTests */ = {
			isa = PBXNativeTarget;
			buildConfigurationList = 185DBB751BC6202300A2BCFB /* Build configuration list for PBXNativeTarget "demo -02 gitSeverTests" */;
			buildPhases = (
				185DBB641BC6202300A2BCFB /* Sources */,
				185DBB651BC6202300A2BCFB /* Frameworks */,
				185DBB661BC6202300A2BCFB /* Resources */,
			);
			buildRules = (
			);
			dependencies = (
				185DBB6A1BC6202300A2BCFB /* PBXTargetDependency */,
			);
			name = "demo -02 gitSeverTests";
			productName = "demo -02 gitSeverTests";
			productReference = 185DBB681BC6202300A2BCFB /* demo -02 gitSeverTests.xctest */;
			productType = "com.apple.product-type.bundle.unit-test";
		};
/* End PBXNativeTarget section */

/* Begin PBXProject section */
		185DBB471BC6202300A2BCFB /* Project object */ = {
			isa = PBXProject;
			attributes = {
				LastUpgradeCheck = 0630;
				ORGANIZATIONNAME = tarena;
				TargetAttributes = {
					185DBB4E1BC6202300A2BCFB = {
						CreatedOnToolsVersion = 6.3;
					};
					185DBB671BC6202300A2BCFB = {
						CreatedOnToolsVersion = 6.3;
						TestTargetID = 185DBB4E1BC6202300A2BCFB;
					};
				};
			};
			buildConfigurationList = 185DBB4A1BC6202300A2BCFB /* Build configuration list for PBXProject "demo -02 gitSever" */;
			compatibilityVersion = "Xcode 3.2";
			developmentRegion = English;
			hasScannedForEncodings = 0;
			knownRegions = (
				en,
				Base,
			);
			mainGroup = 185DBB461BC6202300A2BCFB;
			productRefGroup = 185DBB501BC6202300A2BCFB /* Products */;
			projectDirPath = "";
			projectRoot = "";
			targets = (
				185DBB4E1BC6202300A2BCFB /* demo -02 gitSever */,
				185DBB671BC6202300A2BCFB /* demo -02 gitSeverTests */,
			);
		};
/* End PBXProject section */

/* Begin PBXResourcesBuildPhase section */
		185DBB4D1BC6202300A2BCFB /* Resources */ = {
			isa = PBXResourcesBuildPhase;
			buildActionMask = 2147483647;
			files = (
				185DBB5E1BC6202300A2BCFB /* Main.storyboard in Resources */,
				185DBB631BC6202300A2BCFB /* LaunchScreen.xib in Resources */,
				185DBB601BC6202300A2BCFB /* Images.xcassets in Resources */,
			);
			runOnlyForDeploymentPostprocessing = 0;
		};
		185DBB661BC6202300A2BCFB /* Resources */ = {
			isa = PBXResourcesBuildPhase;
			buildActionMask = 2147483647;
			files = (
			);
			runOnlyForDeploymentPostprocessing = 0;
		};
/* End PBXResourcesBuildPhase section */

/* Begin PBXSourcesBuildPhase section */
		185DBB4B1BC6202300A2BCFB /* Sources */ = {
			isa = PBXSourcesBuildPhase;
			buildActionMask = 2147483647;
			files = (
				185DBB5B1BC6202300A2BCFB /* ViewController.m in Sources */,
				185DBB581BC6202300A2BCFB /* AppDelegate.m in Sources */,
				185DBB551BC6202300A2BCFB /* main.m in Sources */,
			);
			runOnlyForDeploymentPostprocessing = 0;
		};
		185DBB641BC6202300A2BCFB /* Sources */ = {
			isa = PBXSourcesBuildPhase;
			buildActionMask = 2147483647;
			files = (
				185DBB6F1BC6202300A2BCFB /* demo__02_gitSeverTests.m in Sources */,
			);
			runOnlyForDeploymentPostprocessing = 0;
		};
/* End PBXSourcesBuildPhase section */

/* Begin PBXTargetDependency section */
		185DBB6A1BC6202300A2BCFB /* PBXTargetDependency */ = {
			isa = PBXTargetDependency;
			target = 185DBB4E1BC6202300A2BCFB /* demo -02 gitSever */;
			targetProxy = 185DBB691BC6202300A2BCFB /* PBXContainerItemProxy */;
		};
/* End PBXTargetDependency section */

/* Begin PBXVariantGroup section */
		185DBB5C1BC6202300A2BCFB /* Main.storyboard */ = {
			isa = PBXVariantGroup;
			children = (
				185DBB5D1BC6202300A2BCFB /* Base */,
			);
			name = Main.storyboard;
			sourceTree = "<group>";
		};
		185DBB611BC6202300A2BCFB /* LaunchScreen.xib */ = {
			isa = PBXVariantGroup;
			children = (
				185DBB621BC6202300A2BCFB /* Base */,
			);
			name = LaunchScreen.xib;
			sourceTree = "<group>";
		};
/* End PBXVariantGroup section */

/* Begin XCBuildConfiguration section */
		185DBB701BC6202300A2BCFB /* Debug */ = {
			isa = XCBuildConfiguration;
			buildSettings = {
				ALWAYS_SEARCH_USER_PATHS = NO;
				CLANG_CXX_LANGUAGE_STANDARD = "gnu++0x";
				CLANG_CXX_LIBRARY = "libc++";
				CLANG_ENABLE_MODULES = YES;
				CLANG_ENABLE_OBJC_ARC = YES;
				CLANG_WARN_BOOL_CONVERSION = YES;
				CLANG_WARN_CONSTANT_CONVERSION = YES;
				CLANG_WARN_DIRECT_OBJC_ISA_USAGE = YES_ERROR;
				CLANG_WARN_EMPTY_BODY = YES;
				CLANG_WARN_ENUM_CONVERSION = YES;
				CLANG_WARN_INT_CONVERSION = YES;
				CLANG_WARN_OBJC_ROOT_CLASS = YES_ERROR;
				CLANG_WARN_UNREACHABLE_CODE = YES;
				CLANG_WARN__DUPLICATE_METHOD_MATCH = YES;
				"CODE_SIGN_IDENTITY[sdk=iphoneos*]" = "iPhone Developer";
				COPY_PHASE_STRIP = NO;
				DEBUG_INFORMATION_FORMAT = "dwarf-with-dsym";
				ENABLE_STRICT_OBJC_MSGSEND = YES;
				GCC_C_LANGUAGE_STANDARD = gnu99;
				GCC_DYNAMIC_NO_PIC = NO;
				GCC_NO_COMMON_BLOCKS = YES;
				GCC_OPTIMIZATION_LEVEL = 0;
				GCC_PREPROCESSOR_DEFINITIONS = (
					"DEBUG=1",
					"$(inherited)",
				);
				GCC_SYMBOLS_PRIVATE_EXTERN = NO;
				GCC_WARN_64_TO_32_BIT_CONVERSION = YES;
				GCC_WARN_ABOUT_RETURN_TYPE = YES_ERROR;
				GCC_WARN_UNDECLARED_SELECTOR = YES;
				GCC_WARN_UNINITIALIZED_AUTOS = YES_AGGRESSIVE;
				GCC_WARN_UNUSED_FUNCTION = YES;
				GCC_WARN_UNUSED_VARIABLE = YES;
				IPHONEOS_DEPLOYMENT_TARGET = 8.3;
				MTL_ENABLE_DEBUG_INFO = YES;
				ONLY_ACTIVE_ARCH = YES;
				SDKROOT = iphoneos;
			};
			name = Debug;
		};
		185DBB711BC6202300A2BCFB /* Release */ = {
			isa = XCBuildConfiguration;
			buildSettings = {
				ALWAYS_SEARCH_USER_PATHS = NO;
				CLANG_CXX_LANGUAGE_STANDARD = "gnu++0x";
				CLANG_CXX_LIBRARY = "libc++";
				CLANG_ENABLE_MODULES = YES;
				CLANG_ENABLE_OBJC_ARC = YES;
				CLANG_WARN_BOOL_CONVERSION = YES;
				CLANG_WARN_CONSTANT_CONVERSION = YES;
				CLANG_WARN_DIRECT_OBJC_ISA_USAGE = YES_ERROR;
				CLANG_WARN_EMPTY_BODY = YES;
				CLANG_WARN_ENUM_CONVERSION = YES;
				CLANG_WARN_INT_CONVERSION = YES;
				CLANG_WARN_OBJC_ROOT_CLASS = YES_ERROR;
				CLANG_WARN_UNREACHABLE_CODE = YES;
				CLANG_WARN__DUPLICATE_METHOD_MATCH = YES;
				"CODE_SIGN_IDENTITY[sdk=iphoneos*]" = "iPhone Developer";
				COPY_PHASE_STRIP = NO;
				DEBUG_INFORMATION_FORMAT = "dwarf-with-dsym";
				ENABLE_NS_ASSERTIONS = NO;
				ENABLE_STRICT_OBJC_MSGSEND = YES;
				GCC_C_LANGUAGE_STANDARD = gnu99;
				GCC_NO_COMMON_BLOCKS = YES;
				GCC_WARN_64_TO_32_BIT_CONVERSION = YES;
				GCC_WARN_ABOUT_RETURN_TYPE = YES_ERROR;
				GCC_WARN_UNDECLARED_SELECTOR = YES;
				GCC_WARN_UNINITIALIZED_AUTOS = YES_AGGRESSIVE;
				GCC_WARN_UNUSED_FUNCTION = YES;
				GCC_WARN_UNUSED_VARIABLE = YES;
				IPHONEOS_DEPLOYMENT_TARGET = 8.3;
				MTL_ENABLE_DEBUG_INFO = NO;
				SDKROOT = iphoneos;
				VALIDATE_PRODUCT = YES;
			};
			name = Release;
		};
		185DBB731BC6202300A2BCFB /* Debug */ = {
			isa = XCBuildConfiguration;
			buildSettings = {
				ASSETCATALOG_COMPILER_APPICON_NAME = AppIcon;
				INFOPLIST_FILE = "demo -02 gitSever/Info.plist";
				LD_RUNPATH_SEARCH_PATHS = "$(inherited) @executable_path/Frameworks";
				PRODUCT_NAME = "$(TARGET_NAME)";
			};
			name = Debug;
		};
		185DBB741BC6202300A2BCFB /* Release */ = {
			isa = XCBuildConfiguration;
			buildSettings = {
				ASSETCATALOG_COMPILER_APPICON_NAME = AppIcon;
				INFOPLIST_FILE = "demo -02 gitSever/Info.plist";
				LD_RUNPATH_SEARCH_PATHS = "$(inherited) @executable_path/Frameworks";
				PRODUCT_NAME = "$(TARGET_NAME)";
			};
			name = Release;
		};
		185DBB761BC6202300A2BCFB /* Debug */ = {
			isa = XCBuildConfiguration;
			buildSettings = {
				BUNDLE_LOADER = "$(TEST_HOST)";
				FRAMEWORK_SEARCH_PATHS = (
					"$(SDKROOT)/Developer/Library/Frameworks",
					"$(inherited)",
				);
				GCC_PREPROCESSOR_DEFINITIONS = (
					"DEBUG=1",
					"$(inherited)",
				);
				INFOPLIST_FILE = "demo -02 gitSeverTests/Info.plist";
				LD_RUNPATH_SEARCH_PATHS = "$(inherited) @executable_path/Frameworks @loader_path/Frameworks";
				PRODUCT_NAME = "$(TARGET_NAME)";
				TEST_HOST = "$(BUILT_PRODUCTS_DIR)/demo -02 gitSever.app/demo -02 gitSever";
			};
			name = Debug;
		};
		185DBB771BC6202300A2BCFB /* Release */ = {
			isa = XCBuildConfiguration;
			buildSettings = {
				BUNDLE_LOADER = "$(TEST_HOST)";
				FRAMEWORK_SEARCH_PATHS = (
					"$(SDKROOT)/Developer/Library/Frameworks",
					"$(inherited)",
				);
				INFOPLIST_FILE = "demo -02 gitSeverTests/Info.plist";
				LD_RUNPATH_SEARCH_PATHS = "$(inherited) @executable_path/Frameworks @loader_path/Frameworks";
				PRODUCT_NAME = "$(TARGET_NAME)";
				TEST_HOST = "$(BUILT_PRODUCTS_DIR)/demo -02 gitSever.app/demo -02 gitSever";
			};
			name = Release;
		};
/* End XCBuildConfiguration section */

/* Begin XCConfigurationList section */
		185DBB4A1BC6202300A2BCFB /* Build configuration list for PBXProject "demo -02 gitSever" */ = {
			isa = XCConfigurationList;
			buildConfigurations = (
				185DBB701BC6202300A2BCFB /* Debug */,
				185DBB711BC6202300A2BCFB /* Release */,
			);
			defaultConfigurationIsVisible = 0;
			defaultConfigurationName = Release;
		};
		185DBB721BC6202300A2BCFB /* Build configuration list for PBXNativeTarget "demo -02 gitSever" */ = {
			isa = XCConfigurationList;
			buildConfigurations = (
				185DBB731BC6202300A2BCFB /* Debug */,
				185DBB741BC6202300A2BCFB /* Release */,
			);
			defaultConfigurationIsVisible = 0;
		};
		185DBB751BC6202300A2BCFB /* Build configuration list for PBXNativeTarget "demo -02 gitSeverTests" */ = {
			isa = XCConfigurationList;
			buildConfigurations = (
				185DBB761BC6202300A2BCFB /* Debug */,
				185DBB771BC6202300A2BCFB /* Release */,
			);
			defaultConfigurationIsVisible = 0;
		};
/* End XCConfigurationList section */
	};
	rootObject = 185DBB471BC6202300A2BCFB /* Project object */;
}
